# THIS IS AN AUTOGENERATED FILE. DO NOT EDIT THIS FILE DIRECTLY.
# yarn lockfile v1


"@babel/runtime@^7.0.0":
  version "7.8.4"
  resolved "https://registry.yarnpkg.com/@babel/runtime/-/runtime-7.8.4.tgz#d79f5a2040f7caa24d53e563aad49cbc05581308"
  integrity sha512-neAp3zt80trRVBI1x0azq6c57aNBqYZH8KhMm3TaB7wEI5Q4A2SHfBHE8w9gOhI/lrqxtEbXZgQIrHP+wvSGwQ==
  dependencies:
    regenerator-runtime "^0.13.2"

"@tumau/compress@^1.0.0-alpha.60":
  version "1.0.0-alpha.60"
  resolved "https://registry.yarnpkg.com/@tumau/compress/-/compress-1.0.0-alpha.60.tgz#7f3fcc6f845ffe9577659a8dde8faf3c22a0d272"
  integrity sha512-eQbspP7WdWL7svYyJ6CFZ9zNpVmZWormn4Ogfm67UomObusdmmkkK0NaEoQJuGSh/0PO5U1MPG18Lwm3nhlXnw==
  dependencies:
    "@tumau/core" "^1.0.0-alpha.60"

"@tumau/cookie@^1.0.0-alpha.60":
  version "1.0.0-alpha.60"
  resolved "https://registry.yarnpkg.com/@tumau/cookie/-/cookie-1.0.0-alpha.60.tgz#fa375ac0f894981b9b662a2f455b15a06da5804e"
  integrity sha512-wUfwtoSF7IrT2lLITpdkyj+rA5wElGhohkAbWPX4ajcgP+RmKACAqnbLNks+YJybNz2tIOGU0OvTOzXH+oSRVQ==
  dependencies:
    "@tumau/core" "^1.0.0-alpha.60"

"@tumau/core@^1.0.0-alpha.60":
  version "1.0.0-alpha.60"
  resolved "https://registry.yarnpkg.com/@tumau/core/-/core-1.0.0-alpha.60.tgz#679df2b1635ac1de3c1e93dfd4e7f2d0e175d87f"
  integrity sha512-JY0MsT4oX+s+1KwMyUltWltls7BjlcUkfqGcPZz5iX2C6h8wr283PnH3CeDg46L5vfcCpBpAonDB1hW6Vh2Ksg==
  dependencies:
    miid "^1.1.2"

"@tumau/cors@^1.0.0-alpha.61":
  version "1.0.0-alpha.61"
  resolved "https://registry.yarnpkg.com/@tumau/cors/-/cors-1.0.0-alpha.61.tgz#a484a682e33750b90ff963990a10e7c640c9dfcf"
  integrity sha512-CWkrnZ7SpaQpasQSdEaxLjpBlpQ+Ae7A2Pz2sJ7rbKIoSyqgtN6Y8fARh4TD0VpjSqI5dK+c+74RZtWaT+tirQ==
  dependencies:
    "@tumau/core" "^1.0.0-alpha.60"

"@tumau/json@^1.0.0-alpha.60":
  version "1.0.0-alpha.60"
  resolved "https://registry.yarnpkg.com/@tumau/json/-/json-1.0.0-alpha.60.tgz#a8aff7a1993646bc0de8bea65ab228cc48ef68cd"
  integrity sha512-zW2Pjg3xAnm0V3fcZUZQTHvPCQMIqfdpwSR3skczKfidv3Tlm3ztEm++rdtmKpU3v2RDJtVqe0t8x/MEEyk0Qw==
  dependencies:
    "@tumau/core" "^1.0.0-alpha.60"

"@tumau/rate-limit@^1.0.0-alpha.60":
  version "1.0.0-alpha.60"
  resolved "https://registry.yarnpkg.com/@tumau/rate-limit/-/rate-limit-1.0.0-alpha.60.tgz#6c1c371f4428e8542f59ca85361b7cb5cc55cb4a"
  integrity sha512-7LmgwIoBiz5pKqJjmBk1YezwOln8D9NOIYSifGW5uuJDE4qTtF5khgs+oncayI15W4Crtxb+cyqbeCPwwUvgvA==
  dependencies:
    "@tumau/core" "^1.0.0-alpha.60"

"@tumau/router@^1.0.0-alpha.60":
  version "1.0.0-alpha.60"
  resolved "https://registry.yarnpkg.com/@tumau/router/-/router-1.0.0-alpha.60.tgz#25c32d6a02a35b67fa7cc8391d6ef7ded826142c"
  integrity sha512-V4sBgAYK6cYSGtpbWKdX9Rb2WrqvaG7UElAFPySv24p11OH5aqLsdwNxZgmYs61Nx4g1N0Lb2g40FOyw/Rp6yQ==
  dependencies:
    "@tumau/core" "^1.0.0-alpha.60"
    "@tumau/url-parser" "^1.0.0-alpha.60"
    chemin "^5.0.0"

"@tumau/static@^1.0.0-alpha.60":
  version "1.0.0-alpha.60"
  resolved "https://registry.yarnpkg.com/@tumau/static/-/static-1.0.0-alpha.60.tgz#86518f2ba86d04fbb3fbb0774b3bf0ef6f4c7b3b"
  integrity sha512-M8J3qECuWc8dygrJRs62A3fAGcB/YW+tP8eYufzlr0SFHoixKJ3zOQ9z+gbS8AYTMOuvcmiEvsxmbT5D+gYhNg==
  dependencies:
    "@tumau/core" "^1.0.0-alpha.60"

"@tumau/url-parser@^1.0.0-alpha.60":
  version "1.0.0-alpha.60"
  resolved "https://registry.yarnpkg.com/@tumau/url-parser/-/url-parser-1.0.0-alpha.60.tgz#1cba42ab7d629330e4af5845459cd9951cc22e80"
  integrity sha512-B+3iCm30yagKU8jccORpyUpqeVuVFt9Kyc3ISD3ZNuocGeCBCKBCDmDUEgVYUULF2r+zxNucwP1SH+crtzIN1Q==
  dependencies:
    "@tumau/core" "^1.0.0-alpha.60"

"@tumau/ws@^1.0.0-alpha.60":
  version "1.0.0-alpha.60"
  resolved "https://registry.yarnpkg.com/@tumau/ws/-/ws-1.0.0-alpha.60.tgz#887b787cc6aac96bc738a026c4fa43a096d92ba1"
  integrity sha512-PpO+ZlteNTed+QDZ8beeESo33M8KDh5da7vTgYQJ7FiVFOjPuIXAp54bAR6PUKjTyMK7bhjGB6osykauaUkT9A==
  dependencies:
    "@tumau/core" "^1.0.0-alpha.60"
    "@types/ws" "^7.2.1"

"@types/fs-extra@^8.0.1":
  version "8.0.1"
  resolved "https://registry.yarnpkg.com/@types/fs-extra/-/fs-extra-8.0.1.tgz#a2378d6e7e8afea1564e44aafa2e207dadf77686"
  integrity sha512-J00cVDALmi/hJOYsunyT52Hva5TnJeKP5yd1r+mH/ZU0mbYZflR0Z5kw5kITtKTRYMhm1JMClOFYdHnQszEvqw==
  dependencies:
    "@types/node" "*"

"@types/node@*":
  version "13.1.6"
  resolved "https://registry.yarnpkg.com/@types/node/-/node-13.1.6.tgz#076028d0b0400be8105b89a0a55550c86684ffec"
  integrity sha512-Jg1F+bmxcpENHP23sVKkNuU3uaxPnsBMW0cLjleiikFKomJQbsn0Cqk2yDvQArqzZN6ABfBkZ0To7pQ8sLdWDg==

"@types/node@^13.1.6":
  version "13.7.1"
  resolved "https://registry.yarnpkg.com/@types/node/-/node-13.7.1.tgz#238eb34a66431b71d2aaddeaa7db166f25971a0d"
  integrity sha512-Zq8gcQGmn4txQEJeiXo/KiLpon8TzAl0kmKH4zdWctPj05nWwp1ClMdAVEloqrQKfaC48PNLdgN/aVaLqUrluA==

"@types/ws@^7.2.1":
  version "7.2.1"
  resolved "https://registry.yarnpkg.com/@types/ws/-/ws-7.2.1.tgz#b800f2b8aee694e2b581113643e20d79dd3b8556"
  integrity sha512-UEmRNbXFGvfs/sLncf01GuVv6U1mZP3Df0iXWx4kUlikJxbFyFADp95mDn1XDTE2mXpzzoHcKlfFcbytLq4vaA==
  dependencies:
    "@types/node" "*"

"@types/yup@^0.26.27":
  version "0.26.30"
  resolved "https://registry.yarnpkg.com/@types/yup/-/yup-0.26.30.tgz#0d6066505bb67e7b9b161b2082c4cdfcdafd6a6b"
  integrity sha512-b/uklO68T/eShWnxjlgwOJlEFOQ11ib3i1wQQiLmHqFJTxDMvz+tb4XzThGQISzOcelMnoSdb1Po4s69YkEQeg==

arg@^4.1.0:
  version "4.1.2"
  resolved "https://registry.yarnpkg.com/arg/-/arg-4.1.2.tgz#e70c90579e02c63d80e3ad4e31d8bfdb8bd50064"
  integrity sha512-+ytCkGcBtHZ3V2r2Z06AncYO8jz46UEamcspGoU8lHcEbpn6J77QK0vdWvChsclg/tM5XIJC5tnjmPp7Eq6Obg==

buffer-from@^1.0.0:
  version "1.1.1"
  resolved "https://registry.yarnpkg.com/buffer-from/-/buffer-from-1.1.1.tgz#32713bc028f75c02fdb710d7c7bcec1f2c6070ef"
  integrity sha512-MQcXEUbCKtEo7bhqEs6560Hyd4XaovZlO/k9V3hjVUF/zwW7KBVdSK4gIt/bzwS9MbR5qob+F5jusZsb0YQK2A==

chemin@^5.0.0:
  version "5.0.0"
  resolved "https://registry.yarnpkg.com/chemin/-/chemin-5.0.0.tgz#0048dde3de7d646b6ed10c449a3b6f136e125bb4"
  integrity sha512-LgnFv6UYyB/GHVIZ3ez+gYNYwkcUKeXYmCV/QZhEX59Jx5uIuDsbVaPYB/eGiPsKewIE8uDzLMIdDGPDaydpew==

cuid@^2.1.8:
  version "2.1.8"
  resolved "https://registry.yarnpkg.com/cuid/-/cuid-2.1.8.tgz#cbb88f954171e0d5747606c0139fb65c5101eac0"
  integrity sha512-xiEMER6E7TlTPnDxrM4eRiC6TRgjNX9xzEZ5U/Se2YJKr7Mq4pJn/2XEHjl3STcSh96GmkHPcBXLES8M29wyyg==

diff@^4.0.1:
  version "4.0.2"
  resolved "https://registry.yarnpkg.com/diff/-/diff-4.0.2.tgz#60f3aecb89d5fae520c11aa19efc2bb982aade7d"
  integrity sha512-58lmxKSA4BNyLz+HHMUzlOEpg09FV+ev6ZMe3vJihgdxzgcwZ8VoEEPmALCZG9LmqfVoNMMKpttIYTVG6uDY7A==

fn-name@~2.0.1:
  version "2.0.1"
  resolved "https://registry.yarnpkg.com/fn-name/-/fn-name-2.0.1.tgz#5214d7537a4d06a4a301c0cc262feb84188002e7"
  integrity sha1-UhTXU3pNBqSjAcDMJi/rhBiAAuc=

fs-extra@^8.1.0:
  version "8.1.0"
  resolved "https://registry.yarnpkg.com/fs-extra/-/fs-extra-8.1.0.tgz#49d43c45a88cd9677668cb7be1b46efdb8d2e1c0"
  integrity sha512-yhlQgA6mnOJUKOsRUFsgJdQCvkKhcz8tlZG5HBQfReYZy46OwLcY+Zia0mtdHsOo9y/hP+CxMN0TU9QxoOtG4g==
  dependencies:
    graceful-fs "^4.2.0"
    jsonfile "^4.0.0"
    universalify "^0.1.0"

graceful-fs@^4.1.6, graceful-fs@^4.2.0:
  version "4.2.3"
  resolved "https://registry.yarnpkg.com/graceful-fs/-/graceful-fs-4.2.3.tgz#4a12ff1b60376ef09862c2093edd908328be8423"
  integrity sha512-a30VEBm4PEdx1dRB7MFK7BejejvCvBronbLjht+sHuGYj8PHs7M/5Z+rt5lw551vZ7yfTCj4Vuyy3mSJytDWRQ==

jsonfile@^4.0.0:
  version "4.0.0"
  resolved "https://registry.yarnpkg.com/jsonfile/-/jsonfile-4.0.0.tgz#8771aae0799b64076b76640fca058f9c10e33ecb"
  integrity sha1-h3Gq4HmbZAdrdmQPygWPnBDjPss=
  optionalDependencies:
    graceful-fs "^4.1.6"

lodash-es@^4.17.11:
  version "4.17.15"
  resolved "https://registry.yarnpkg.com/lodash-es/-/lodash-es-4.17.15.tgz#21bd96839354412f23d7a10340e5eac6ee455d78"
  integrity sha512-rlrc3yU3+JNOpZ9zj5pQtxnx2THmvRykwL4Xlxoa8I9lHBlVbbyPhgyPMioxVZ4NqyxaVVtaJnzsyOidQIhyyQ==

lodash@^4.17.11:
  version "4.17.15"
  resolved "https://registry.yarnpkg.com/lodash/-/lodash-4.17.15.tgz#b447f6670a0455bbfeedd11392eff330ea097548"
  integrity sha512-8xOcRHvCjnocdS5cpwXQXVzmmh5e5+saE2QGoeQmbKmRS6J3VQppPOIt0MnmE+4xlZoumy0GPG0D0MVIQbNA1A==

make-error@^1.1.1:
  version "1.3.5"
  resolved "https://registry.yarnpkg.com/make-error/-/make-error-1.3.5.tgz#efe4e81f6db28cadd605c70f29c831b58ef776c8"
  integrity sha512-c3sIjNUow0+8swNwVpqoH4YCShKNFkMaw6oH1mNS2haDZQqkeZFlHS3dhoeEbKKmJB4vXpJucU6oH75aDYeE9g==

miid@^1.1.2:
  version "1.1.2"
  resolved "https://registry.yarnpkg.com/miid/-/miid-1.1.2.tgz#e0d5ba01d7ed386b4c306ddfcbb09afb85189425"
  integrity sha512-PXPmscg5ph57oknnIn6onwP5jp5+sn4qSoz8xqJPOwPBSC3B0VjX4kMSlvmeOvsFn6M+2RIL67QyhMB9OZcNBA==

property-expr@^1.5.0:
  version "1.5.1"
  resolved "https://registry.yarnpkg.com/property-expr/-/property-expr-1.5.1.tgz#22e8706894a0c8e28d58735804f6ba3a3673314f"
  integrity sha512-CGuc0VUTGthpJXL36ydB6jnbyOf/rAHFvmVrJlH+Rg0DqqLFQGAP6hIaxD/G0OAmBJPhXDHuEJigrp0e0wFV6g==

regenerator-runtime@^0.13.2:
  version "0.13.3"
  resolved "https://registry.yarnpkg.com/regenerator-runtime/-/regenerator-runtime-0.13.3.tgz#7cf6a77d8f5c6f60eb73c5fc1955b2ceb01e6bf5"
  integrity sha512-naKIZz2GQ8JWh///G7L3X6LaQUAMp2lvb1rvwwsURe/VXwD6VMfr+/1NuNw3ag8v2kY1aQ/go5SNn79O9JU7yw==

source-map-support@^0.5.6:
  version "0.5.16"
  resolved "https://registry.yarnpkg.com/source-map-support/-/source-map-support-0.5.16.tgz#0ae069e7fe3ba7538c64c98515e35339eac5a042"
  integrity sha512-efyLRJDr68D9hBBNIPWFjhpFzURh+KJykQwvMyW5UiZzYwoF6l4YMMDIJJEyFWxWCqfyxLzz6tSfUFR+kXXsVQ==
  dependencies:
    buffer-from "^1.0.0"
    source-map "^0.6.0"

source-map@^0.6.0:
  version "0.6.1"
  resolved "https://registry.yarnpkg.com/source-map/-/source-map-0.6.1.tgz#74722af32e9614e9c287a8d0bbde48b5e2f1a263"
  integrity sha512-UjgapumWlbMhkBgzT7Ykc5YXUT46F0iKu8SGXq0bcwP5dz/h0Plj6enJqjz1Zbq2l5WaqYnrVbwWOWMyF3F47g==

synchronous-promise@^2.0.6:
  version "2.0.10"
  resolved "https://registry.yarnpkg.com/synchronous-promise/-/synchronous-promise-2.0.10.tgz#e64c6fd3afd25f423963353043f4a68ebd397fd8"
  integrity sha512-6PC+JRGmNjiG3kJ56ZMNWDPL8hjyghF5cMXIFOKg+NiwwEZZIvxTWd0pinWKyD227odg9ygF8xVhhz7gb8Uq7A==

toposort@^2.0.2:
  version "2.0.2"
  resolved "https://registry.yarnpkg.com/toposort/-/toposort-2.0.2.tgz#ae21768175d1559d48bef35420b2f4962f09c330"
  integrity sha1-riF2gXXRVZ1IvvNUILL0li8JwzA=

ts-node@^8.6.2:
  version "8.6.2"
  resolved "https://registry.yarnpkg.com/ts-node/-/ts-node-8.6.2.tgz#7419a01391a818fbafa6f826a33c1a13e9464e35"
  integrity sha512-4mZEbofxGqLL2RImpe3zMJukvEvcO1XP8bj8ozBPySdCUXEcU5cIRwR0aM3R+VoZq7iXc8N86NC0FspGRqP4gg==
  dependencies:
    arg "^4.1.0"
    diff "^4.0.1"
    make-error "^1.1.1"
    source-map-support "^0.5.6"
    yn "3.1.1"

tslib@^1.10.0:
  version "1.10.0"
  resolved "https://registry.yarnpkg.com/tslib/-/tslib-1.10.0.tgz#c3c19f95973fb0a62973fb09d90d961ee43e5c8a"
  integrity sha512-qOebF53frne81cf0S9B41ByenJ3/IuH8yJKngAX35CmiZySA0khhkovshKK+jGCaMnVomla7gVlIcc3EvKPbTQ==

tumau@^1.0.0-alpha.49:
  version "1.0.0-alpha.61"
  resolved "https://registry.yarnpkg.com/tumau/-/tumau-1.0.0-alpha.61.tgz#f1d7c4a75833a49bf92a545342cbda491a340a56"
  integrity sha512-3fkQZfcOoKlUNcl6l6nFtahyREI3/kI4t9Yi0BqEOU7Vn8KljunSQf1l2HXJJzIciEnXdYDgA724bq0JjFUUFQ==
  dependencies:
    "@tumau/compress" "^1.0.0-alpha.60"
    "@tumau/cookie" "^1.0.0-alpha.60"
    "@tumau/core" "^1.0.0-alpha.60"
    "@tumau/cors" "^1.0.0-alpha.61"
    "@tumau/json" "^1.0.0-alpha.60"
    "@tumau/rate-limit" "^1.0.0-alpha.60"
    "@tumau/router" "^1.0.0-alpha.60"
    "@tumau/static" "^1.0.0-alpha.60"
    "@tumau/url-parser" "^1.0.0-alpha.60"
    "@tumau/ws" "^1.0.0-alpha.60"

typescript@^3.7.4:
  version "3.7.5"
  resolved "https://registry.yarnpkg.com/typescript/-/typescript-3.7.5.tgz#0692e21f65fd4108b9330238aac11dd2e177a1ae"
  integrity sha512-/P5lkRXkWHNAbcJIiHPfRoKqyd7bsyCma1hZNUGfn20qm64T6ZBlrzprymeu918H+mB/0rIg2gGK/BXkhhYgBw==

universalify@^0.1.0:
  version "0.1.2"
  resolved "https://registry.yarnpkg.com/universalify/-/universalify-0.1.2.tgz#b646f69be3942dabcecc9d6639c80dc105efaa66"
  integrity sha512-rBJeI5CXAlmy1pV+617WB9J63U6XcazHHF2f2dbJix4XzpUF0RS3Zbj0FGIOCAva5P/d/GBOYaACQ1w+0azUkg==

yn@3.1.1:
  version "3.1.1"
  resolved "https://registry.yarnpkg.com/yn/-/yn-3.1.1.tgz#1e87401a09d767c1d5eab26a6e4c185182d2eb50"
  integrity sha512-Ux4ygGWsu2c7isFWe8Yu1YluJmqVhxqK2cLXNQA5AcC3QfbGNpM7fu0Y8b/z16pXLnFxZYvWhd3fhBY9DLmC6Q==

yup@^0.28.0:
  version "0.28.1"
  resolved "https://registry.yarnpkg.com/yup/-/yup-0.28.1.tgz#60c0725be7057ed7a9ae61561333809332a63d47"
  integrity sha512-xSHMZA7UyecSG/CCTDCtnYZMjBrYDR/C7hu0fMsZ6UcS/ngko4qCVFbw+CAmNtHlbItKkvQ3YXITODeTj/dUkw==
  dependencies:
    "@babel/runtime" "^7.0.0"
    fn-name "~2.0.1"
    lodash "^4.17.11"
    lodash-es "^4.17.11"
    property-expr "^1.5.0"
    synchronous-promise "^2.0.6"
    toposort "^2.0.2"
